// !$*UTF8*$!
{
	archiveVersion = 1;
	classes = {
	};
	objectVersion = 50;
	objects = {

/* Begin PBXBuildFile section */
		D318490524F64F500056D2C2 /* SearchPageViewController.swift in Sources */ = {isa = PBXBuildFile; fileRef = D318490424F64F500056D2C2 /* SearchPageViewController.swift */; };
		D318490924F64FC60056D2C2 /* SettingsPageViewController.swift in Sources */ = {isa = PBXBuildFile; fileRef = D318490824F64FC60056D2C2 /* SettingsPageViewController.swift */; };
		D318490D24F65A3F0056D2C2 /* TechPageViewController.swift in Sources */ = {isa = PBXBuildFile; fileRef = D318490C24F65A3F0056D2C2 /* TechPageViewController.swift */; };
		D318491124F65B980056D2C2 /* GamePageViewController.swift in Sources */ = {isa = PBXBuildFile; fileRef = D318491024F65B980056D2C2 /* GamePageViewController.swift */; };
		D3C8ABD324F6982C004E1AD7 /* SegueStruct.swift in Sources */ = {isa = PBXBuildFile; fileRef = D3C8ABD224F6982C004E1AD7 /* SegueStruct.swift */; };
		D3D76B4424F3BF900059EFEF /* AppDelegate.swift in Sources */ = {isa = PBXBuildFile; fileRef = D3D76B4324F3BF900059EFEF /* AppDelegate.swift */; };
		D3D76B4624F3BF900059EFEF /* SceneDelegate.swift in Sources */ = {isa = PBXBuildFile; fileRef = D3D76B4524F3BF900059EFEF /* SceneDelegate.swift */; };
		D3D76B4824F3BF900059EFEF /* ViewController.swift in Sources */ = {isa = PBXBuildFile; fileRef = D3D76B4724F3BF900059EFEF /* ViewController.swift */; };
		D3D76B4B24F3BF900059EFEF /* Main.storyboard in Resources */ = {isa = PBXBuildFile; fileRef = D3D76B4924F3BF900059EFEF /* Main.storyboard */; };
		D3D76B4E24F3BF900059EFEF /* TechReads2.xcdatamodeld in Sources */ = {isa = PBXBuildFile; fileRef = D3D76B4C24F3BF900059EFEF /* TechReads2.xcdatamodeld */; };
		D3D76B5024F3BF900059EFEF /* Assets.xcassets in Resources */ = {isa = PBXBuildFile; fileRef = D3D76B4F24F3BF900059EFEF /* Assets.xcassets */; };
		D3D76B5324F3BF900059EFEF /* LaunchScreen.storyboard in Resources */ = {isa = PBXBuildFile; fileRef = D3D76B5124F3BF900059EFEF /* LaunchScreen.storyboard */; };
/* End PBXBuildFile section */

/* Begin PBXFileReference section */
		D318490424F64F500056D2C2 /* SearchPageViewController.swift */ = {isa = PBXFileReference; lastKnownFileType = sourcecode.swift; path = SearchPageViewController.swift; sourceTree = "<group>"; };
		D318490824F64FC60056D2C2 /* SettingsPageViewController.swift */ = {isa = PBXFileReference; lastKnownFileType = sourcecode.swift; path = SettingsPageViewController.swift; sourceTree = "<group>"; };
		D318490C24F65A3F0056D2C2 /* TechPageViewController.swift */ = {isa = PBXFileReference; lastKnownFileType = sourcecode.swift; path = TechPageViewController.swift; sourceTree = "<group>"; };
		D318491024F65B980056D2C2 /* GamePageViewController.swift */ = {isa = PBXFileReference; lastKnownFileType = sourcecode.swift; path = GamePageViewController.swift; sourceTree = "<group>"; };
		D3C8ABD224F6982C004E1AD7 /* SegueStruct.swift */ = {isa = PBXFileReference; lastKnownFileType = sourcecode.swift; path = SegueStruct.swift; sourceTree = "<group>"; };
		D3D76B4024F3BF8F0059EFEF /* TechReads2.app */ = {isa = PBXFileReference; explicitFileType = wrapper.application; includeInIndex = 0; path = TechReads2.app; sourceTree = BUILT_PRODUCTS_DIR; };
		D3D76B4324F3BF900059EFEF /* AppDelegate.swift */ = {isa = PBXFileReference; lastKnownFileType = sourcecode.swift; path = AppDelegate.swift; sourceTree = "<group>"; };
		D3D76B4524F3BF900059EFEF /* SceneDelegate.swift */ = {isa = PBXFileReference; lastKnownFileType = sourcecode.swift; path = SceneDelegate.swift; sourceTree = "<group>"; };
		D3D76B4724F3BF900059EFEF /* ViewController.swift */ = {isa = PBXFileReference; lastKnownFileType = sourcecode.swift; path = ViewController.swift; sourceTree = "<group>"; };
		D3D76B4A24F3BF900059EFEF /* Base */ = {isa = PBXFileReference; lastKnownFileType = file.storyboard; name = Base; path = Base.lproj/Main.storyboard; sourceTree = "<group>"; };
		D3D76B4D24F3BF900059EFEF /* TechReads2.xcdatamodel */ = {isa = PBXFileReference; lastKnownFileType = wrapper.xcdatamodel; path = TechReads2.xcdatamodel; sourceTree = "<group>"; };
		D3D76B4F24F3BF900059EFEF /* Assets.xcassets */ = {isa = PBXFileReference; lastKnownFileType = folder.assetcatalog; path = Assets.xcassets; sourceTree = "<group>"; };
		D3D76B5224F3BF900059EFEF /* Base */ = {isa = PBXFileReference; lastKnownFileType = file.storyboard; name = Base; path = Base.lproj/LaunchScreen.storyboard; sourceTree = "<group>"; };
		D3D76B5424F3BF900059EFEF /* Info.plist */ = {isa = PBXFileReference; lastKnownFileType = text.plist.xml; path = Info.plist; sourceTree = "<group>"; };
/* End PBXFileReference section */

/* Begin PBXFrameworksBuildPhase section */
		D3D76B3D24F3BF8F0059EFEF /* Frameworks */ = {
			isa = PBXFrameworksBuildPhase;
			buildActionMask = 2147483647;
			files = (
			);
			runOnlyForDeploymentPostprocessing = 0;
		};
/* End PBXFrameworksBuildPhase section */

/* Begin PBXGroup section */
		D31848FF24F64CC40056D2C2 /* MainStoryborad */ = {
			isa = PBXGroup;
			children = (
				D3D76B4924F3BF900059EFEF /* Main.storyboard */,
			);
			path = MainStoryborad;
			sourceTree = "<group>";
		};
		D318490024F64CE50056D2C2 /* HomeScreen */ = {
			isa = PBXGroup;
			children = (
				D318490124F64CF70056D2C2 /* HomeScreenView */,
			);
			path = HomeScreen;
			sourceTree = "<group>";
		};
		D318490124F64CF70056D2C2 /* HomeScreenView */ = {
			isa = PBXGroup;
			children = (
				D3D76B4724F3BF900059EFEF /* ViewController.swift */,
			);
			path = HomeScreenView;
			sourceTree = "<group>";
		};
		D318490224F64D1B0056D2C2 /* SearchPage */ = {
			isa = PBXGroup;
			children = (
				D318490324F64D2B0056D2C2 /* SearchPageView */,
			);
			path = SearchPage;
			sourceTree = "<group>";
		};
		D318490324F64D2B0056D2C2 /* SearchPageView */ = {
			isa = PBXGroup;
			children = (
				D318490424F64F500056D2C2 /* SearchPageViewController.swift */,
			);
			path = SearchPageView;
			sourceTree = "<group>";
		};
		D318490624F64FA30056D2C2 /* SettingsPage */ = {
			isa = PBXGroup;
			children = (
				D318490724F64FAC0056D2C2 /* SettingsPageView */,
			);
			path = SettingsPage;
			sourceTree = "<group>";
		};
		D318490724F64FAC0056D2C2 /* SettingsPageView */ = {
			isa = PBXGroup;
			children = (
				D318490824F64FC60056D2C2 /* SettingsPageViewController.swift */,
			);
			path = SettingsPageView;
			sourceTree = "<group>";
		};
		D318490A24F65A220056D2C2 /* TechPage */ = {
			isa = PBXGroup;
			children = (
				D318490B24F65A2B0056D2C2 /* TechPageView */,
			);
			path = TechPage;
			sourceTree = "<group>";
		};
		D318490B24F65A2B0056D2C2 /* TechPageView */ = {
			isa = PBXGroup;
			children = (
				D318490C24F65A3F0056D2C2 /* TechPageViewController.swift */,
			);
			path = TechPageView;
			sourceTree = "<group>";
		};
		D318490E24F65A880056D2C2 /* GamePage */ = {
			isa = PBXGroup;
			children = (
				D318490F24F65A910056D2C2 /* GamePageView */,
			);
			path = GamePage;
			sourceTree = "<group>";
		};
		D318490F24F65A910056D2C2 /* GamePageView */ = {
			isa = PBXGroup;
			children = (
				D318491024F65B980056D2C2 /* GamePageViewController.swift */,
			);
			path = GamePageView;
			sourceTree = "<group>";
		};
		D3C8ABD024F69809004E1AD7 /* Utilities */ = {
			isa = PBXGroup;
			children = (
				D3C8ABD124F69817004E1AD7 /* Constants */,
			);
			path = Utilities;
			sourceTree = "<group>";
		};
		D3C8ABD124F69817004E1AD7 /* Constants */ = {
			isa = PBXGroup;
			children = (
				D3C8ABD224F6982C004E1AD7 /* SegueStruct.swift */,
			);
			path = Constants;
			sourceTree = "<group>";
		};
		D3D76B3724F3BF8F0059EFEF = {
			isa = PBXGroup;
			children = (
				D3D76B4224F3BF8F0059EFEF /* TechReads2 */,
				D3D76B4124F3BF8F0059EFEF /* Products */,
			);
			sourceTree = "<group>";
		};
		D3D76B4124F3BF8F0059EFEF /* Products */ = {
			isa = PBXGroup;
			children = (
				D3D76B4024F3BF8F0059EFEF /* TechReads2.app */,
			);
			name = Products;
			sourceTree = "<group>";
		};
		D3D76B4224F3BF8F0059EFEF /* TechReads2 */ = {
			isa = PBXGroup;
			children = (
				D3C8ABD024F69809004E1AD7 /* Utilities */,
				D318490E24F65A880056D2C2 /* GamePage */,
				D318490A24F65A220056D2C2 /* TechPage */,
				D318490624F64FA30056D2C2 /* SettingsPage */,
				D318490224F64D1B0056D2C2 /* SearchPage */,
				D318490024F64CE50056D2C2 /* HomeScreen */,
				D31848FF24F64CC40056D2C2 /* MainStoryborad */,
				D3D76B4324F3BF900059EFEF /* AppDelegate.swift */,
				D3D76B4524F3BF900059EFEF /* SceneDelegate.swift */,
				D3D76B4F24F3BF900059EFEF /* Assets.xcassets */,
				D3D76B5124F3BF900059EFEF /* LaunchScreen.storyboard */,
				D3D76B5424F3BF900059EFEF /* Info.plist */,
				D3D76B4C24F3BF900059EFEF /* TechReads2.xcdatamodeld */,
			);
			path = TechReads2;
			sourceTree = "<group>";
		};
/* End PBXGroup section */

/* Begin PBXNativeTarget section */
		D3D76B3F24F3BF8F0059EFEF /* TechReads2 */ = {
			isa = PBXNativeTarget;
			buildConfigurationList = D3D76B5724F3BF900059EFEF /* Build configuration list for PBXNativeTarget "TechReads2" */;
			buildPhases = (
				D3D76B3C24F3BF8F0059EFEF /* Sources */,
				D3D76B3D24F3BF8F0059EFEF /* Frameworks */,
				D3D76B3E24F3BF8F0059EFEF /* Resources */,
			);
			buildRules = (
			);
			dependencies = (
			);
			name = TechReads2;
			productName = TechReads2;
			productReference = D3D76B4024F3BF8F0059EFEF /* TechReads2.app */;
			productType = "com.apple.product-type.application";
		};
/* End PBXNativeTarget section */

/* Begin PBXProject section */
		D3D76B3824F3BF8F0059EFEF /* Project object */ = {
			isa = PBXProject;
			attributes = {
				LastSwiftUpdateCheck = 1160;
				LastUpgradeCheck = 1160;
				ORGANIZATIONNAME = DVT;
				TargetAttributes = {
					D3D76B3F24F3BF8F0059EFEF = {
						CreatedOnToolsVersion = 11.6;
					};
				};
			};
			buildConfigurationList = D3D76B3B24F3BF8F0059EFEF /* Build configuration list for PBXProject "TechReads2" */;
			compatibilityVersion = "Xcode 9.3";
			developmentRegion = en;
			hasScannedForEncodings = 0;
			knownRegions = (
				en,
				Base,
			);
			mainGroup = D3D76B3724F3BF8F0059EFEF;
			productRefGroup = D3D76B4124F3BF8F0059EFEF /* Products */;
			projectDirPath = "";
			projectRoot = "";
			targets = (
				D3D76B3F24F3BF8F0059EFEF /* TechReads2 */,
			);
		};
/* End PBXProject section */

/* Begin PBXResourcesBuildPhase section */
		D3D76B3E24F3BF8F0059EFEF /* Resources */ = {
			isa = PBXResourcesBuildPhase;
			buildActionMask = 2147483647;
			files = (
				D3D76B5324F3BF900059EFEF /* LaunchScreen.storyboard in Resources */,
				D3D76B5024F3BF900059EFEF /* Assets.xcassets in Resources */,
				D3D76B4B24F3BF900059EFEF /* Main.storyboard in Resources */,
			);
			runOnlyForDeploymentPostprocessing = 0;
		};
/* End PBXResourcesBuildPhase section */

/* Begin PBXSourcesBuildPhase section */
		D3D76B3C24F3BF8F0059EFEF /* Sources */ = {
			isa = PBXSourcesBuildPhase;
			buildActionMask = 2147483647;
			files = (
				D3D76B4E24F3BF900059EFEF /* TechReads2.xcdatamodeld in Sources */,
				D318490524F64F500056D2C2 /* SearchPageViewController.swift in Sources */,
				D3C8ABD324F6982C004E1AD7 /* SegueStruct.swift in Sources */,
				D318490924F64FC60056D2C2 /* SettingsPageViewController.swift in Sources */,
				D3D76B4824F3BF900059EFEF /* ViewController.swift in Sources */,
				D3D76B4424F3BF900059EFEF /* AppDelegate.swift in Sources */,
				D318491124F65B980056D2C2 /* GamePageViewController.swift in Sources */,
				D318490D24F65A3F0056D2C2 /* TechPageViewController.swift in Sources */,
				D3D76B4624F3BF900059EFEF /* SceneDelegate.swift in Sources */,
			);
			runOnlyForDeploymentPostprocessing = 0;
		};
/* End PBXSourcesBuildPhase section */

/* Begin PBXVariantGroup section */
		D3D76B4924F3BF900059EFEF /* Main.storyboard */ = {
			isa = PBXVariantGroup;
			children = (
				D3D76B4A24F3BF900059EFEF /* Base */,
			);
			name = Main.storyboard;
			sourceTree = "<group>";
		};
		D3D76B5124F3BF900059EFEF /* LaunchScreen.storyboard */ = {
			isa = PBXVariantGroup;
			children = (
				D3D76B5224F3BF900059EFEF /* Base */,
			);
			name = LaunchScreen.storyboard;
			sourceTree = "<group>";
		};
/* End PBXVariantGroup section */

/* Begin XCBuildConfiguration section */
		D3D76B5524F3BF900059EFEF /* Debug */ = {
			isa = XCBuildConfiguration;
			buildSettings = {
				ALWAYS_SEARCH_USER_PATHS = NO;
				CLANG_ANALYZER_NONNULL = YES;
				CLANG_ANALYZER_NUMBER_OBJECT_CONVERSION = YES_AGGRESSIVE;
				CLANG_CXX_LANGUAGE_STANDARD = "gnu++14";
				CLANG_CXX_LIBRARY = "libc++";
				CLANG_ENABLE_MODULES = YES;
				CLANG_ENABLE_OBJC_ARC = YES;
				CLANG_ENABLE_OBJC_WEAK = YES;
				CLANG_WARN_BLOCK_CAPTURE_AUTORELEASING = YES;
				CLANG_WARN_BOOL_CONVERSION = YES;
				CLANG_WARN_COMMA = YES;
				CLANG_WARN_CONSTANT_CONVERSION = YES;
				CLANG_WARN_DEPRECATED_OBJC_IMPLEMENTATIONS = YES;
				CLANG_WARN_DIRECT_OBJC_ISA_USAGE = YES_ERROR;
				CLANG_WARN_DOCUMENTATION_COMMENTS = YES;
				CLANG_WARN_EMPTY_BODY = YES;
				CLANG_WARN_ENUM_CONVERSION = YES;
				CLANG_WARN_INFINITE_RECURSION = YES;
				CLANG_WARN_INT_CONVERSION = YES;
				CLANG_WARN_NON_LITERAL_NULL_CONVERSION = YES;
				CLANG_WARN_OBJC_IMPLICIT_RETAIN_SELF = YES;
				CLANG_WARN_OBJC_LITERAL_CONVERSION = YES;
				CLANG_WARN_OBJC_ROOT_CLASS = YES_ERROR;
				CLANG_WARN_RANGE_LOOP_ANALYSIS = YES;
				CLANG_WARN_STRICT_PROTOTYPES = YES;
				CLANG_WARN_SUSPICIOUS_MOVE = YES;
				CLANG_WARN_UNGUARDED_AVAILABILITY = YES_AGGRESSIVE;
				CLANG_WARN_UNREACHABLE_CODE = YES;
				CLANG_WARN__DUPLICATE_METHOD_MATCH = YES;
				COPY_PHASE_STRIP = NO;
				DEBUG_INFORMATION_FORMAT = dwarf;
				ENABLE_STRICT_OBJC_MSGSEND = YES;
				ENABLE_TESTABILITY = YES;
				GCC_C_LANGUAGE_STANDARD = gnu11;
				GCC_DYNAMIC_NO_PIC = NO;
				GCC_NO_COMMON_BLOCKS = YES;
				GCC_OPTIMIZATION_LEVEL = 0;
				GCC_PREPROCESSOR_DEFINITIONS = (
					"DEBUG=1",
					"$(inherited)",
				);
				GCC_WARN_64_TO_32_BIT_CONVERSION = YES;
				GCC_WARN_ABOUT_RETURN_TYPE = YES_ERROR;
				GCC_WARN_UNDECLARED_SELECTOR = YES;
				GCC_WARN_UNINITIALIZED_AUTOS = YES_AGGRESSIVE;
				GCC_WARN_UNUSED_FUNCTION = YES;
				GCC_WARN_UNUSED_VARIABLE = YES;
				IPHONEOS_DEPLOYMENT_TARGET = 13.6;
				MTL_ENABLE_DEBUG_INFO = INCLUDE_SOURCE;
				MTL_FAST_MATH = YES;
				ONLY_ACTIVE_ARCH = YES;
				SDKROOT = iphoneos;
				SWIFT_ACTIVE_COMPILATION_CONDITIONS = DEBUG;
				SWIFT_OPTIMIZATION_LEVEL = "-Onone";
			};
			name = Debug;
		};
		D3D76B5624F3BF900059EFEF /* Release */ = {
			isa = XCBuildConfiguration;
			buildSettings = {
				ALWAYS_SEARCH_USER_PATHS = NO;
				CLANG_ANALYZER_NONNULL = YES;
				CLANG_ANALYZER_NUMBER_OBJECT_CONVERSION = YES_AGGRESSIVE;
				CLANG_CXX_LANGUAGE_STANDARD = "gnu++14";
				CLANG_CXX_LIBRARY = "libc++";
				CLANG_ENABLE_MODULES = YES;
				CLANG_ENABLE_OBJC_ARC = YES;
				CLANG_ENABLE_OBJC_WEAK = YES;
				CLANG_WARN_BLOCK_CAPTURE_AUTORELEASING = YES;
				CLANG_WARN_BOOL_CONVERSION = YES;
				CLANG_WARN_COMMA = YES;
				CLANG_WARN_CONSTANT_CONVERSION = YES;
				CLANG_WARN_DEPRECATED_OBJC_IMPLEMENTATIONS = YES;
				CLANG_WARN_DIRECT_OBJC_ISA_USAGE = YES_ERROR;
				CLANG_WARN_DOCUMENTATION_COMMENTS = YES;
				CLANG_WARN_EMPTY_BODY = YES;
				CLANG_WARN_ENUM_CONVERSION = YES;
				CLANG_WARN_INFINITE_RECURSION = YES;
				CLANG_WARN_INT_CONVERSION = YES;
				CLANG_WARN_NON_LITERAL_NULL_CONVERSION = YES;
				CLANG_WARN_OBJC_IMPLICIT_RETAIN_SELF = YES;
				CLANG_WARN_OBJC_LITERAL_CONVERSION = YES;
				CLANG_WARN_OBJC_ROOT_CLASS = YES_ERROR;
				CLANG_WARN_RANGE_LOOP_ANALYSIS = YES;
				CLANG_WARN_STRICT_PROTOTYPES = YES;
				CLANG_WARN_SUSPICIOUS_MOVE = YES;
				CLANG_WARN_UNGUARDED_AVAILABILITY = YES_AGGRESSIVE;
				CLANG_WARN_UNREACHABLE_CODE = YES;
				CLANG_WARN__DUPLICATE_METHOD_MATCH = YES;
				COPY_PHASE_STRIP = NO;
				DEBUG_INFORMATION_FORMAT = "dwarf-with-dsym";
				ENABLE_NS_ASSERTIONS = NO;
				ENABLE_STRICT_OBJC_MSGSEND = YES;
				GCC_C_LANGUAGE_STANDARD = gnu11;
				GCC_NO_COMMON_BLOCKS = YES;
				GCC_WARN_64_TO_32_BIT_CONVERSION = YES;
				GCC_WARN_ABOUT_RETURN_TYPE = YES_ERROR;
				GCC_WARN_UNDECLARED_SELECTOR = YES;
				GCC_WARN_UNINITIALIZED_AUTOS = YES_AGGRESSIVE;
				GCC_WARN_UNUSED_FUNCTION = YES;
				GCC_WARN_UNUSED_VARIABLE = YES;
				IPHONEOS_DEPLOYMENT_TARGET = 13.6;
				MTL_ENABLE_DEBUG_INFO = NO;
				MTL_FAST_MATH = YES;
				SDKROOT = iphoneos;
				SWIFT_COMPILATION_MODE = wholemodule;
				SWIFT_OPTIMIZATION_LEVEL = "-O";
				VALIDATE_PRODUCT = YES;
			};
			name = Release;
		};
		D3D76B5824F3BF900059EFEF /* Debug */ = {
			isa = XCBuildConfiguration;
			buildSettings = {
				ASSETCATALOG_COMPILER_APPICON_NAME = AppIcon;
				CODE_SIGN_STYLE = Automatic;
				DEVELOPMENT_TEAM = Y4245267M3;
				INFOPLIST_FILE = TechReads2/Info.plist;
				LD_RUNPATH_SEARCH_PATHS = (
					"$(inherited)",
					"@executable_path/Frameworks",
				);
				PRODUCT_BUNDLE_IDENTIFIER = za.co.dvt.TechReads2;
				PRODUCT_NAME = "$(TARGET_NAME)";
				SWIFT_VERSION = 5.0;
				TARGETED_DEVICE_FAMILY = "1,2";
			};
			name = Debug;
		};
		D3D76B5924F3BF900059EFEF /* Release */ = {
			isa = XCBuildConfiguration;
			buildSettings = {
				ASSETCATALOG_COMPILER_APPICON_NAME = AppIcon;
				CODE_SIGN_STYLE = Automatic;
				DEVELOPMENT_TEAM = Y4245267M3;
				INFOPLIST_FILE = TechReads2/Info.plist;
				LD_RUNPATH_SEARCH_PATHS = (
					"$(inherited)",
					"@executable_path/Frameworks",
				);
				PRODUCT_BUNDLE_IDENTIFIER = za.co.dvt.TechReads2;
				PRODUCT_NAME = "$(TARGET_NAME)";
				SWIFT_VERSION = 5.0;
				TARGETED_DEVICE_FAMILY = "1,2";
			};
			name = Release;
		};
/* End XCBuildConfiguration section */

/* Begin XCConfigurationList section */
		D3D76B3B24F3BF8F0059EFEF /* Build configuration list for PBXProject "TechReads2" */ = {
			isa = XCConfigurationList;
			buildConfigurations = (
				D3D76B5524F3BF900059EFEF /* Debug */,
				D3D76B5624F3BF900059EFEF /* Release */,
			);
			defaultConfigurationIsVisible = 0;
			defaultConfigurationName = Release;
		};
		D3D76B5724F3BF900059EFEF /* Build configuration list for PBXNativeTarget "TechReads2" */ = {
			isa = XCConfigurationList;
			buildConfigurations = (
				D3D76B5824F3BF900059EFEF /* Debug */,
				D3D76B5924F3BF900059EFEF /* Release */,
			);
			defaultConfigurationIsVisible = 0;
			defaultConfigurationName = Release;
		};
/* End XCConfigurationList section */

/* Begin XCVersionGroup section */
		D3D76B4C24F3BF900059EFEF /* TechReads2.xcdatamodeld */ = {
			isa = XCVersionGroup;
			children = (
				D3D76B4D24F3BF900059EFEF /* TechReads2.xcdatamodel */,
			);
			currentVersion = D3D76B4D24F3BF900059EFEF /* TechReads2.xcdatamodel */;
			path = TechReads2.xcdatamodeld;
			sourceTree = "<group>";
			versionGroupType = wrapper.xcdatamodel;
		};
/* End XCVersionGroup section */
	};
	rootObject = D3D76B3824F3BF8F0059EFEF /* Project object */;
}
